// !$*UTF8*$!
{
	archiveVersion = 1;
	classes = {
	};
	objectVersion = 55;
	objects = {

/* Begin PBXBuildFile section */
		2B9C7FE228B66337003CE194 /* AppDelegate.swift in Sources */ = {isa = PBXBuildFile; fileRef = 2B9C7FE128B66337003CE194 /* AppDelegate.swift */; };
		2B9C7FE428B66337003CE194 /* SceneDelegate.swift in Sources */ = {isa = PBXBuildFile; fileRef = 2B9C7FE328B66337003CE194 /* SceneDelegate.swift */; };
		2B9C7FE628B66337003CE194 /* ViewController.swift in Sources */ = {isa = PBXBuildFile; fileRef = 2B9C7FE528B66337003CE194 /* ViewController.swift */; };
		2B9C7FE928B66337003CE194 /* Main.storyboard in Resources */ = {isa = PBXBuildFile; fileRef = 2B9C7FE728B66337003CE194 /* Main.storyboard */; };
		2B9C7FEB28B66338003CE194 /* Assets.xcassets in Resources */ = {isa = PBXBuildFile; fileRef = 2B9C7FEA28B66338003CE194 /* Assets.xcassets */; };
		2B9C7FEE28B66338003CE194 /* LaunchScreen.storyboard in Resources */ = {isa = PBXBuildFile; fileRef = 2B9C7FEC28B66338003CE194 /* LaunchScreen.storyboard */; };
		2B9C7FF728B66343003CE194 /* GameKit.framework in Frameworks */ = {isa = PBXBuildFile; fileRef = 2B9C7FF628B66343003CE194 /* GameKit.framework */; };
		2B9C7FFA28B663B9003CE194 /* GameCenterHelper.swift in Sources */ = {isa = PBXBuildFile; fileRef = 2B9C7FF928B663B9003CE194 /* GameCenterHelper.swift */; };
/* End PBXBuildFile section */

/* Begin PBXFileReference section */
		2B9C7FDE28B66337003CE194 /* GamekItUiKit.app */ = {isa = PBXFileReference; explicitFileType = wrapper.application; includeInIndex = 0; path = GamekItUiKit.app; sourceTree = BUILT_PRODUCTS_DIR; };
		2B9C7FE128B66337003CE194 /* AppDelegate.swift */ = {isa = PBXFileReference; lastKnownFileType = sourcecode.swift; path = AppDelegate.swift; sourceTree = "<group>"; };
		2B9C7FE328B66337003CE194 /* SceneDelegate.swift */ = {isa = PBXFileReference; lastKnownFileType = sourcecode.swift; path = SceneDelegate.swift; sourceTree = "<group>"; };
		2B9C7FE528B66337003CE194 /* ViewController.swift */ = {isa = PBXFileReference; lastKnownFileType = sourcecode.swift; path = ViewController.swift; sourceTree = "<group>"; };
		2B9C7FE828B66337003CE194 /* Base */ = {isa = PBXFileReference; lastKnownFileType = file.storyboard; name = Base; path = Base.lproj/Main.storyboard; sourceTree = "<group>"; };
		2B9C7FEA28B66338003CE194 /* Assets.xcassets */ = {isa = PBXFileReference; lastKnownFileType = folder.assetcatalog; path = Assets.xcassets; sourceTree = "<group>"; };
		2B9C7FED28B66338003CE194 /* Base */ = {isa = PBXFileReference; lastKnownFileType = file.storyboard; name = Base; path = Base.lproj/LaunchScreen.storyboard; sourceTree = "<group>"; };
		2B9C7FEF28B66338003CE194 /* Info.plist */ = {isa = PBXFileReference; lastKnownFileType = text.plist.xml; path = Info.plist; sourceTree = "<group>"; };
		2B9C7FF628B66343003CE194 /* GameKit.framework */ = {isa = PBXFileReference; lastKnownFileType = wrapper.framework; name = GameKit.framework; path = System/Library/Frameworks/GameKit.framework; sourceTree = SDKROOT; };
		2B9C7FF928B663B9003CE194 /* GameCenterHelper.swift */ = {isa = PBXFileReference; lastKnownFileType = sourcecode.swift; path = GameCenterHelper.swift; sourceTree = "<group>"; };
		2BCC460428B8CFC8005482EE /* GamekItUiKit.entitlements */ = {isa = PBXFileReference; lastKnownFileType = text.plist.entitlements; path = GamekItUiKit.entitlements; sourceTree = "<group>"; };
/* End PBXFileReference section */

/* Begin PBXFrameworksBuildPhase section */
		2B9C7FDB28B66337003CE194 /* Frameworks */ = {
			isa = PBXFrameworksBuildPhase;
			buildActionMask = 2147483647;
			files = (
				2B9C7FF728B66343003CE194 /* GameKit.framework in Frameworks */,
			);
			runOnlyForDeploymentPostprocessing = 0;
		};
/* End PBXFrameworksBuildPhase section */

/* Begin PBXGroup section */
		2B9C7FD528B66337003CE194 = {
			isa = PBXGroup;
			children = (
				2B9C7FE028B66337003CE194 /* GamekItUiKit */,
				2B9C7FDF28B66337003CE194 /* Products */,
				2B9C7FF528B66343003CE194 /* Frameworks */,
			);
			sourceTree = "<group>";
		};
		2B9C7FDF28B66337003CE194 /* Products */ = {
			isa = PBXGroup;
			children = (
				2B9C7FDE28B66337003CE194 /* GamekItUiKit.app */,
			);
			name = Products;
			sourceTree = "<group>";
		};
		2B9C7FE028B66337003CE194 /* GamekItUiKit */ = {
			isa = PBXGroup;
			children = (
				2BCC460428B8CFC8005482EE /* GamekItUiKit.entitlements */,
				2B9C7FF828B663A8003CE194 /* Helper */,
				2B9C7FE128B66337003CE194 /* AppDelegate.swift */,
				2B9C7FE328B66337003CE194 /* SceneDelegate.swift */,
				2B9C7FE528B66337003CE194 /* ViewController.swift */,
				2B9C7FE728B66337003CE194 /* Main.storyboard */,
				2B9C7FEA28B66338003CE194 /* Assets.xcassets */,
				2B9C7FEC28B66338003CE194 /* LaunchScreen.storyboard */,
				2B9C7FEF28B66338003CE194 /* Info.plist */,
			);
			path = GamekItUiKit;
			sourceTree = "<group>";
		};
		2B9C7FF528B66343003CE194 /* Frameworks */ = {
			isa = PBXGroup;
			children = (
				2B9C7FF628B66343003CE194 /* GameKit.framework */,
			);
			name = Frameworks;
			sourceTree = "<group>";
		};
		2B9C7FF828B663A8003CE194 /* Helper */ = {
			isa = PBXGroup;
			children = (
				2B9C7FF928B663B9003CE194 /* GameCenterHelper.swift */,
			);
			path = Helper;
			sourceTree = "<group>";
		};
/* End PBXGroup section */

/* Begin PBXNativeTarget section */
		2B9C7FDD28B66337003CE194 /* GamekItUiKit */ = {
			isa = PBXNativeTarget;
			buildConfigurationList = 2B9C7FF228B66338003CE194 /* Build configuration list for PBXNativeTarget "GamekItUiKit" */;
			buildPhases = (
				2B9C7FDA28B66337003CE194 /* Sources */,
				2B9C7FDB28B66337003CE194 /* Frameworks */,
				2B9C7FDC28B66337003CE194 /* Resources */,
			);
			buildRules = (
			);
			dependencies = (
			);
			name = GamekItUiKit;
			productName = GamekItUiKit;
			productReference = 2B9C7FDE28B66337003CE194 /* GamekItUiKit.app */;
			productType = "com.apple.product-type.application";
		};
/* End PBXNativeTarget section */

/* Begin PBXProject section */
		2B9C7FD628B66337003CE194 /* Project object */ = {
			isa = PBXProject;
			attributes = {
				BuildIndependentTargetsInParallel = 1;
				LastSwiftUpdateCheck = 1340;
				LastUpgradeCheck = 1340;
				TargetAttributes = {
					2B9C7FDD28B66337003CE194 = {
						CreatedOnToolsVersion = 13.4.1;
					};
				};
			};
			buildConfigurationList = 2B9C7FD928B66337003CE194 /* Build configuration list for PBXProject "GamekItUiKit" */;
			compatibilityVersion = "Xcode 13.0";
			developmentRegion = en;
			hasScannedForEncodings = 0;
			knownRegions = (
				en,
				Base,
			);
			mainGroup = 2B9C7FD528B66337003CE194;
			productRefGroup = 2B9C7FDF28B66337003CE194 /* Products */;
			projectDirPath = "";
			projectRoot = "";
			targets = (
				2B9C7FDD28B66337003CE194 /* GamekItUiKit */,
			);
		};
/* End PBXProject section */

/* Begin PBXResourcesBuildPhase section */
		2B9C7FDC28B66337003CE194 /* Resources */ = {
			isa = PBXResourcesBuildPhase;
			buildActionMask = 2147483647;
			files = (
				2B9C7FEE28B66338003CE194 /* LaunchScreen.storyboard in Resources */,
				2B9C7FEB28B66338003CE194 /* Assets.xcassets in Resources */,
				2B9C7FE928B66337003CE194 /* Main.storyboard in Resources */,
			);
			runOnlyForDeploymentPostprocessing = 0;
		};
/* End PBXResourcesBuildPhase section */

/* Begin PBXSourcesBuildPhase section */
		2B9C7FDA28B66337003CE194 /* Sources */ = {
			isa = PBXSourcesBuildPhase;
			buildActionMask = 2147483647;
			files = (
				2B9C7FFA28B663B9003CE194 /* GameCenterHelper.swift in Sources */,
				2B9C7FE628B66337003CE194 /* ViewController.swift in Sources */,
				2B9C7FE228B66337003CE194 /* AppDelegate.swift in Sources */,
				2B9C7FE428B66337003CE194 /* SceneDelegate.swift in Sources */,
			);
			runOnlyForDeploymentPostprocessing = 0;
		};
/* End PBXSourcesBuildPhase section */

/* Begin PBXVariantGroup section */
		2B9C7FE728B66337003CE194 /* Main.storyboard */ = {
			isa = PBXVariantGroup;
			children = (
				2B9C7FE828B66337003CE194 /* Base */,
			);
			name = Main.storyboard;
			sourceTree = "<group>";
		};
		2B9C7FEC28B66338003CE194 /* LaunchScreen.storyboard */ = {
			isa = PBXVariantGroup;
			children = (
				2B9C7FED28B66338003CE194 /* Base */,
			);
			name = LaunchScreen.storyboard;
			sourceTree = "<group>";
		};
/* End PBXVariantGroup section */

/* Begin XCBuildConfiguration section */
		2B9C7FF028B66338003CE194 /* Debug */ = {
			isa = XCBuildConfiguration;
			buildSettings = {
				ALWAYS_SEARCH_USER_PATHS = NO;
				CLANG_ANALYZER_NONNULL = YES;
				CLANG_ANALYZER_NUMBER_OBJECT_CONVERSION = YES_AGGRESSIVE;
				CLANG_CXX_LANGUAGE_STANDARD = "gnu++17";
				CLANG_ENABLE_MODULES = YES;
				CLANG_ENABLE_OBJC_ARC = YES;
				CLANG_ENABLE_OBJC_WEAK = YES;
				CLANG_WARN_BLOCK_CAPTURE_AUTORELEASING = YES;
				CLANG_WARN_BOOL_CONVERSION = YES;
				CLANG_WARN_COMMA = YES;
				CLANG_WARN_CONSTANT_CONVERSION = YES;
				CLANG_WARN_DEPRECATED_OBJC_IMPLEMENTATIONS = YES;
				CLANG_WARN_DIRECT_OBJC_ISA_USAGE = YES_ERROR;
				CLANG_WARN_DOCUMENTATION_COMMENTS = YES;
				CLANG_WARN_EMPTY_BODY = YES;
				CLANG_WARN_ENUM_CONVERSION = YES;
				CLANG_WARN_INFINITE_RECURSION = YES;
				CLANG_WARN_INT_CONVERSION = YES;
				CLANG_WARN_NON_LITERAL_NULL_CONVERSION = YES;
				CLANG_WARN_OBJC_IMPLICIT_RETAIN_SELF = YES;
				CLANG_WARN_OBJC_LITERAL_CONVERSION = YES;
				CLANG_WARN_OBJC_ROOT_CLASS = YES_ERROR;
				CLANG_WARN_QUOTED_INCLUDE_IN_FRAMEWORK_HEADER = YES;
				CLANG_WARN_RANGE_LOOP_ANALYSIS = YES;
				CLANG_WARN_STRICT_PROTOTYPES = YES;
				CLANG_WARN_SUSPICIOUS_MOVE = YES;
				CLANG_WARN_UNGUARDED_AVAILABILITY = YES_AGGRESSIVE;
				CLANG_WARN_UNREACHABLE_CODE = YES;
				CLANG_WARN__DUPLICATE_METHOD_MATCH = YES;
				COPY_PHASE_STRIP = NO;
				DEBUG_INFORMATION_FORMAT = dwarf;
				ENABLE_STRICT_OBJC_MSGSEND = YES;
				ENABLE_TESTABILITY = YES;
				GCC_C_LANGUAGE_STANDARD = gnu11;
				GCC_DYNAMIC_NO_PIC = NO;
				GCC_NO_COMMON_BLOCKS = YES;
				GCC_OPTIMIZATION_LEVEL = 0;
				GCC_PREPROCESSOR_DEFINITIONS = (
					"DEBUG=1",
					"$(inherited)",
				);
				GCC_WARN_64_TO_32_BIT_CONVERSION = YES;
				GCC_WARN_ABOUT_RETURN_TYPE = YES_ERROR;
				GCC_WARN_UNDECLARED_SELECTOR = YES;
				GCC_WARN_UNINITIALIZED_AUTOS = YES_AGGRESSIVE;
				GCC_WARN_UNUSED_FUNCTION = YES;
				GCC_WARN_UNUSED_VARIABLE = YES;
				IPHONEOS_DEPLOYMENT_TARGET = 15.5;
				MTL_ENABLE_DEBUG_INFO = INCLUDE_SOURCE;
				MTL_FAST_MATH = YES;
				ONLY_ACTIVE_ARCH = YES;
				SDKROOT = iphoneos;
				SWIFT_ACTIVE_COMPILATION_CONDITIONS = DEBUG;
				SWIFT_OPTIMIZATION_LEVEL = "-Onone";
			};
			name = Debug;
		};
		2B9C7FF128B66338003CE194 /* Release */ = {
			isa = XCBuildConfiguration;
			buildSettings = {
				ALWAYS_SEARCH_USER_PATHS = NO;
				CLANG_ANALYZER_NONNULL = YES;
				CLANG_ANALYZER_NUMBER_OBJECT_CONVERSION = YES_AGGRESSIVE;
				CLANG_CXX_LANGUAGE_STANDARD = "gnu++17";
				CLANG_ENABLE_MODULES = YES;
				CLANG_ENABLE_OBJC_ARC = YES;
				CLANG_ENABLE_OBJC_WEAK = YES;
				CLANG_WARN_BLOCK_CAPTURE_AUTORELEASING = YES;
				CLANG_WARN_BOOL_CONVERSION = YES;
				CLANG_WARN_COMMA = YES;
				CLANG_WARN_CONSTANT_CONVERSION = YES;
				CLANG_WARN_DEPRECATED_OBJC_IMPLEMENTATIONS = YES;
				CLANG_WARN_DIRECT_OBJC_ISA_USAGE = YES_ERROR;
				CLANG_WARN_DOCUMENTATION_COMMENTS = YES;
				CLANG_WARN_EMPTY_BODY = YES;
				CLANG_WARN_ENUM_CONVERSION = YES;
				CLANG_WARN_INFINITE_RECURSION = YES;
				CLANG_WARN_INT_CONVERSION = YES;
				CLANG_WARN_NON_LITERAL_NULL_CONVERSION = YES;
				CLANG_WARN_OBJC_IMPLICIT_RETAIN_SELF = YES;
				CLANG_WARN_OBJC_LITERAL_CONVERSION = YES;
				CLANG_WARN_OBJC_ROOT_CLASS = YES_ERROR;
				CLANG_WARN_QUOTED_INCLUDE_IN_FRAMEWORK_HEADER = YES;
				CLANG_WARN_RANGE_LOOP_ANALYSIS = YES;
				CLANG_WARN_STRICT_PROTOTYPES = YES;
				CLANG_WARN_SUSPICIOUS_MOVE = YES;
				CLANG_WARN_UNGUARDED_AVAILABILITY = YES_AGGRESSIVE;
				CLANG_WARN_UNREACHABLE_CODE = YES;
				CLANG_WARN__DUPLICATE_METHOD_MATCH = YES;
				COPY_PHASE_STRIP = NO;
				DEBUG_INFORMATION_FORMAT = "dwarf-with-dsym";
				ENABLE_NS_ASSERTIONS = NO;
				ENABLE_STRICT_OBJC_MSGSEND = YES;
				GCC_C_LANGUAGE_STANDARD = gnu11;
				GCC_NO_COMMON_BLOCKS = YES;
				GCC_WARN_64_TO_32_BIT_CONVERSION = YES;
				GCC_WARN_ABOUT_RETURN_TYPE = YES_ERROR;
				GCC_WARN_UNDECLARED_SELECTOR = YES;
				GCC_WARN_UNINITIALIZED_AUTOS = YES_AGGRESSIVE;
				GCC_WARN_UNUSED_FUNCTION = YES;
				GCC_WARN_UNUSED_VARIABLE = YES;
				IPHONEOS_DEPLOYMENT_TARGET = 15.5;
				MTL_ENABLE_DEBUG_INFO = NO;
				MTL_FAST_MATH = YES;
				SDKROOT = iphoneos;
				SWIFT_COMPILATION_MODE = wholemodule;
				SWIFT_OPTIMIZATION_LEVEL = "-O";
				VALIDATE_PRODUCT = YES;
			};
			name = Release;
		};
		2B9C7FF328B66338003CE194 /* Debug */ = {
			isa = XCBuildConfiguration;
			buildSettings = {
				ASSETCATALOG_COMPILER_APPICON_NAME = AppIcon;
				ASSETCATALOG_COMPILER_GLOBAL_ACCENT_COLOR_NAME = AccentColor;
				CODE_SIGN_ENTITLEMENTS = GamekItUiKit/GamekItUiKit.entitlements;
				CODE_SIGN_STYLE = Automatic;
				CURRENT_PROJECT_VERSION = 1;
				DEVELOPMENT_TEAM = 582P2WF5P7;
				GENERATE_INFOPLIST_FILE = YES;
				INFOPLIST_FILE = GamekItUiKit/Info.plist;
				INFOPLIST_KEY_UIApplicationSupportsIndirectInputEvents = YES;
				INFOPLIST_KEY_UILaunchStoryboardName = LaunchScreen;
				INFOPLIST_KEY_UIMainStoryboardFile = Main;
				INFOPLIST_KEY_UIRequiredDeviceCapabilities = gamekit;
				INFOPLIST_KEY_UISupportedInterfaceOrientations_iPad = "UIInterfaceOrientationPortrait UIInterfaceOrientationPortraitUpsideDown UIInterfaceOrientationLandscapeLeft UIInterfaceOrientationLandscapeRight";
				INFOPLIST_KEY_UISupportedInterfaceOrientations_iPhone = "UIInterfaceOrientationPortrait UIInterfaceOrientationLandscapeLeft UIInterfaceOrientationLandscapeRight";
				LD_RUNPATH_SEARCH_PATHS = (
					"$(inherited)",
					"@executable_path/Frameworks",
				);
				MARKETING_VERSION = 1.0;
				PRODUCT_BUNDLE_IDENTIFIER = Hanjaya.GamekItUiKit;
				PRODUCT_NAME = "$(TARGET_NAME)";
				SWIFT_EMIT_LOC_STRINGS = YES;
				SWIFT_VERSION = 5.0;
				TARGETED_DEVICE_FAMILY = "1,2";
			};
			name = Debug;
		};
		2B9C7FF428B66338003CE194 /* Release */ = {
			isa = XCBuildConfiguration;
			buildSettings = {
				ASSETCATALOG_COMPILER_APPICON_NAME = AppIcon;
				ASSETCATALOG_COMPILER_GLOBAL_ACCENT_COLOR_NAME = AccentColor;
				CODE_SIGN_ENTITLEMENTS = GamekItUiKit/GamekItUiKit.entitlements;
				CODE_SIGN_STYLE = Automatic;
				CURRENT_PROJECT_VERSION = 1;
				DEVELOPMENT_TEAM = 582P2WF5P7;
				GENERATE_INFOPLIST_FILE = YES;
				INFOPLIST_FILE = GamekItUiKit/Info.plist;
				INFOPLIST_KEY_UIApplicationSupportsIndirectInputEvents = YES;
				INFOPLIST_KEY_UILaunchStoryboardName = LaunchScreen;
				INFOPLIST_KEY_UIMainStoryboardFile = Main;
				INFOPLIST_KEY_UIRequiredDeviceCapabilities = gamekit;
				INFOPLIST_KEY_UISupportedInterfaceOrientations_iPad = "UIInterfaceOrientationPortrait UIInterfaceOrientationPortraitUpsideDown UIInterfaceOrientationLandscapeLeft UIInterfaceOrientationLandscapeRight";
				INFOPLIST_KEY_UISupportedInterfaceOrientations_iPhone = "UIInterfaceOrientationPortrait UIInterfaceOrientationLandscapeLeft UIInterfaceOrientationLandscapeRight";
				LD_RUNPATH_SEARCH_PATHS = (
					"$(inherited)",
					"@executable_path/Frameworks",
				);
				MARKETING_VERSION = 1.0;
				PRODUCT_BUNDLE_IDENTIFIER = Hanjaya.GamekItUiKit;
				PRODUCT_NAME = "$(TARGET_NAME)";
				SWIFT_EMIT_LOC_STRINGS = YES;
				SWIFT_VERSION = 5.0;
				TARGETED_DEVICE_FAMILY = "1,2";
			};
			name = Release;
		};
/* End XCBuildConfiguration section */

/* Begin XCConfigurationList section */
		2B9C7FD928B66337003CE194 /* Build configuration list for PBXProject "GamekItUiKit" */ = {
			isa = XCConfigurationList;
			buildConfigurations = (
				2B9C7FF028B66338003CE194 /* Debug */,
				2B9C7FF128B66338003CE194 /* Release */,
			);
			defaultConfigurationIsVisible = 0;
			defaultConfigurationName = Release;
		};
		2B9C7FF228B66338003CE194 /* Build configuration list for PBXNativeTarget "GamekItUiKit" */ = {
			isa = XCConfigurationList;
			buildConfigurations = (
				2B9C7FF328B66338003CE194 /* Debug */,
				2B9C7FF428B66338003CE194 /* Release */,
			);
			defaultConfigurationIsVisible = 0;
			defaultConfigurationName = Release;
		};
/* End XCConfigurationList section */
	};
	rootObject = 2B9C7FD628B66337003CE194 /* Project object */;
}
